
Microsoft Visual Studio Solution File, Format Version 12.00
# Visual Studio Version 17
VisualStudioVersion = 17.5.33627.172
MinimumVisualStudioVersion = 10.0.40219.1
Project("{FAE04EC0-301F-11D3-BF4B-00C04F79EFBC}") = "program2", "program2.csproj", "{2DA94CB6-91DC-4610-BD92-AEE9A89BA68A}"
EndProject
Global
	GlobalSection(SolutionConfigurationPlatforms) = preSolution
		Debug|Any CPU = Debug|Any CPU
		Release|Any CPU = Release|Any CPU
	EndGlobalSection
	GlobalSection(ProjectConfigurationPlatforms) = postSolution
		{2DA94CB6-91DC-4610-BD92-AEE9A89BA68A}.Debug|Any CPU.ActiveCfg = Debug|Any CPU
		{2DA94CB6-91DC-4610-BD92-AEE9A89BA68A}.Debug|Any CPU.Build.0 = Debug|Any CPU
		{2DA94CB6-91DC-4610-BD92-AEE9A89BA68A}.Release|Any CPU.ActiveCfg = Release|Any CPU
		{2DA94CB6-91DC-4610-BD92-AEE9A89BA68A}.Release|Any CPU.Build.0 = Release|Any CPU
	EndGlobalSection
	GlobalSection(SolutionProperties) = preSolution
		HideSolutionNode = FALSE
	EndGlobalSection
	GlobalSection(ExtensibilityGlobals) = postSolution
		SolutionGuid = {1AAD0DF1-F6D0-4CC9-BE5F-5EE6D8E967FE}
	EndGlobalSection
EndGlobal
